
Microsoft Visual Studio Solution File, Format Version 12.00
# Visual Studio 15
VisualStudioVersion = 15.0.27703.2042
MinimumVisualStudioVersion = 10.0.40219.1
Project("{FAE04EC0-301F-11D3-BF4B-00C04F79EFBC}") = "SmallReport", "SmallReport\SmallReport.csproj", "{B4C5801C-AFFB-4F0A-90F1-DEA5AE244212}"
EndProject
Project("{FAE04EC0-301F-11D3-BF4B-00C04F79EFBC}") = "SmallReport.Service", "SmallReport.Service\SmallReport.Service.csproj", "{3FBA1894-63D4-4B0B-A068-4DF5EE04D539}"
EndProject
Project("{FAE04EC0-301F-11D3-BF4B-00C04F79EFBC}") = "UnitTest", "UnitTest\UnitTest.csproj", "{8DB5918A-9650-45B8-8852-168E4DDC8502}"
EndProject
Project("{FAE04EC0-301F-11D3-BF4B-00C04F79EFBC}") = "SmallReport.Entity", "SmallReport.Entity\SmallReport.Entity.csproj", "{0C633D45-4199-416F-9591-F384F667FB02}"
EndProject
Global
	GlobalSection(SolutionConfigurationPlatforms) = preSolution
		Debug|Any CPU = Debug|Any CPU
		Release|Any CPU = Release|Any CPU
	EndGlobalSection
	GlobalSection(ProjectConfigurationPlatforms) = postSolution
		{B4C5801C-AFFB-4F0A-90F1-DEA5AE244212}.Debug|Any CPU.ActiveCfg = Debug|Any CPU
		{B4C5801C-AFFB-4F0A-90F1-DEA5AE244212}.Debug|Any CPU.Build.0 = Debug|Any CPU
		{B4C5801C-AFFB-4F0A-90F1-DEA5AE244212}.Release|Any CPU.ActiveCfg = Release|Any CPU
		{B4C5801C-AFFB-4F0A-90F1-DEA5AE244212}.Release|Any CPU.Build.0 = Release|Any CPU
		{3FBA1894-63D4-4B0B-A068-4DF5EE04D539}.Debug|Any CPU.ActiveCfg = Debug|Any CPU
		{3FBA1894-63D4-4B0B-A068-4DF5EE04D539}.Debug|Any CPU.Build.0 = Debug|Any CPU
		{3FBA1894-63D4-4B0B-A068-4DF5EE04D539}.Release|Any CPU.ActiveCfg = Release|Any CPU
		{3FBA1894-63D4-4B0B-A068-4DF5EE04D539}.Release|Any CPU.Build.0 = Release|Any CPU
		{8DB5918A-9650-45B8-8852-168E4DDC8502}.Debug|Any CPU.ActiveCfg = Debug|Any CPU
		{8DB5918A-9650-45B8-8852-168E4DDC8502}.Debug|Any CPU.Build.0 = Debug|Any CPU
		{8DB5918A-9650-45B8-8852-168E4DDC8502}.Release|Any CPU.ActiveCfg = Release|Any CPU
		{8DB5918A-9650-45B8-8852-168E4DDC8502}.Release|Any CPU.Build.0 = Release|Any CPU
		{0C633D45-4199-416F-9591-F384F667FB02}.Debug|Any CPU.ActiveCfg = Debug|Any CPU
		{0C633D45-4199-416F-9591-F384F667FB02}.Debug|Any CPU.Build.0 = Debug|Any CPU
		{0C633D45-4199-416F-9591-F384F667FB02}.Release|Any CPU.ActiveCfg = Release|Any CPU
		{0C633D45-4199-416F-9591-F384F667FB02}.Release|Any CPU.Build.0 = Release|Any CPU
	EndGlobalSection
	GlobalSection(SolutionProperties) = preSolution
		HideSolutionNode = FALSE
	EndGlobalSection
	GlobalSection(ExtensibilityGlobals) = postSolution
		SolutionGuid = {B54BB857-363E-41A3-9378-5832CCD5F789}
	EndGlobalSection
EndGlobal
