
Microsoft Visual Studio Solution File, Format Version 12.00
# Visual Studio 15
VisualStudioVersion = 15.0.27703.2042
MinimumVisualStudioVersion = 10.0.40219.1
Project("{FAE04EC0-301F-11D3-BF4B-00C04F79EFBC}") = "SmallReport", "SmallReport\SmallReport.csproj", "{B4C5801C-AFFB-4F0A-90F1-DEA5AE244212}"
EndProject
Project("{FAE04EC0-301F-11D3-BF4B-00C04F79EFBC}") = "SmallReport.Service", "SmallReport.Service\SmallReport.Service.csproj", "{3FBA1894-63D4-4B0B-A068-4DF5EE04D539}"
EndProject
Project("{FAE04EC0-301F-11D3-BF4B-00C04F79EFBC}") = "UnitTest", "UnitTest\UnitTest.csproj", "{8DB5918A-9650-45B8-8852-168E4DDC8502}"
EndProject
Project("{FAE04EC0-301F-11D3-BF4B-00C04F79EFBC}") = "SmallReport.Entity", "SmallReport.Entity\SmallReport.Entity.csproj", "{0C633D45-4199-416F-9591-F384F667FB02}"
EndProject
Project("{FAE04EC0-301F-11D3-BF4B-00C04F79EFBC}") = "SmallReport.Web", "SmallReport.Web\SmallReport.Web.csproj", "{98204033-D4BE-4F14-B343-0EB71AFC7400}"
EndProject
Project("{FAE04EC0-301F-11D3-BF4B-00C04F79EFBC}") = "SmallReport.Assist", "SmallReport.Assist\SmallReport.Assist.csproj", "{2900ACAF-C94B-499C-818A-3684430A85B9}"
EndProject
Project("{2150E333-8FDC-42A3-9474-1A3956D46DE8}") = "01.辅助", "01.辅助", "{D31EFA60-C852-401C-889D-90CB84EEEE46}"
EndProject
Project("{2150E333-8FDC-42A3-9474-1A3956D46DE8}") = "02.数据", "02.数据", "{EFEA95C5-D79B-4AE6-A2BD-0DD987FAFA64}"
EndProject
Project("{2150E333-8FDC-42A3-9474-1A3956D46DE8}") = "03.服务", "03.服务", "{C4CB5A24-9E40-4527-8304-03B08144A211}"
EndProject
Project("{2150E333-8FDC-42A3-9474-1A3956D46DE8}") = "04.管理", "04.管理", "{1F90094F-4366-4A36-952F-042E2DE23B2B}"
EndProject
Project("{2150E333-8FDC-42A3-9474-1A3956D46DE8}") = "05.测试", "05.测试", "{C8DBC720-A6DD-4221-9653-037374C47880}"
EndProject
Project("{2150E333-8FDC-42A3-9474-1A3956D46DE8}") = "06.调度", "06.调度", "{C9294D5B-E057-4417-AA3A-D736638ADED8}"
EndProject
Global
	GlobalSection(SolutionConfigurationPlatforms) = preSolution
		Debug|Any CPU = Debug|Any CPU
		Release|Any CPU = Release|Any CPU
	EndGlobalSection
	GlobalSection(ProjectConfigurationPlatforms) = postSolution
		{B4C5801C-AFFB-4F0A-90F1-DEA5AE244212}.Debug|Any CPU.ActiveCfg = Debug|Any CPU
		{B4C5801C-AFFB-4F0A-90F1-DEA5AE244212}.Debug|Any CPU.Build.0 = Debug|Any CPU
		{B4C5801C-AFFB-4F0A-90F1-DEA5AE244212}.Release|Any CPU.ActiveCfg = Release|Any CPU
		{B4C5801C-AFFB-4F0A-90F1-DEA5AE244212}.Release|Any CPU.Build.0 = Release|Any CPU
		{3FBA1894-63D4-4B0B-A068-4DF5EE04D539}.Debug|Any CPU.ActiveCfg = Debug|Any CPU
		{3FBA1894-63D4-4B0B-A068-4DF5EE04D539}.Debug|Any CPU.Build.0 = Debug|Any CPU
		{3FBA1894-63D4-4B0B-A068-4DF5EE04D539}.Release|Any CPU.ActiveCfg = Release|Any CPU
		{3FBA1894-63D4-4B0B-A068-4DF5EE04D539}.Release|Any CPU.Build.0 = Release|Any CPU
		{8DB5918A-9650-45B8-8852-168E4DDC8502}.Debug|Any CPU.ActiveCfg = Debug|Any CPU
		{8DB5918A-9650-45B8-8852-168E4DDC8502}.Debug|Any CPU.Build.0 = Debug|Any CPU
		{8DB5918A-9650-45B8-8852-168E4DDC8502}.Release|Any CPU.ActiveCfg = Release|Any CPU
		{8DB5918A-9650-45B8-8852-168E4DDC8502}.Release|Any CPU.Build.0 = Release|Any CPU
		{0C633D45-4199-416F-9591-F384F667FB02}.Debug|Any CPU.ActiveCfg = Debug|Any CPU
		{0C633D45-4199-416F-9591-F384F667FB02}.Debug|Any CPU.Build.0 = Debug|Any CPU
		{0C633D45-4199-416F-9591-F384F667FB02}.Release|Any CPU.ActiveCfg = Release|Any CPU
		{0C633D45-4199-416F-9591-F384F667FB02}.Release|Any CPU.Build.0 = Release|Any CPU
		{98204033-D4BE-4F14-B343-0EB71AFC7400}.Debug|Any CPU.ActiveCfg = Debug|Any CPU
		{98204033-D4BE-4F14-B343-0EB71AFC7400}.Debug|Any CPU.Build.0 = Debug|Any CPU
		{98204033-D4BE-4F14-B343-0EB71AFC7400}.Release|Any CPU.ActiveCfg = Release|Any CPU
		{98204033-D4BE-4F14-B343-0EB71AFC7400}.Release|Any CPU.Build.0 = Release|Any CPU
		{2900ACAF-C94B-499C-818A-3684430A85B9}.Debug|Any CPU.ActiveCfg = Debug|Any CPU
		{2900ACAF-C94B-499C-818A-3684430A85B9}.Debug|Any CPU.Build.0 = Debug|Any CPU
		{2900ACAF-C94B-499C-818A-3684430A85B9}.Release|Any CPU.ActiveCfg = Release|Any CPU
		{2900ACAF-C94B-499C-818A-3684430A85B9}.Release|Any CPU.Build.0 = Release|Any CPU
	EndGlobalSection
	GlobalSection(SolutionProperties) = preSolution
		HideSolutionNode = FALSE
	EndGlobalSection
	GlobalSection(NestedProjects) = preSolution
		{B4C5801C-AFFB-4F0A-90F1-DEA5AE244212} = {C9294D5B-E057-4417-AA3A-D736638ADED8}
		{3FBA1894-63D4-4B0B-A068-4DF5EE04D539} = {C4CB5A24-9E40-4527-8304-03B08144A211}
		{8DB5918A-9650-45B8-8852-168E4DDC8502} = {C8DBC720-A6DD-4221-9653-037374C47880}
		{0C633D45-4199-416F-9591-F384F667FB02} = {EFEA95C5-D79B-4AE6-A2BD-0DD987FAFA64}
		{98204033-D4BE-4F14-B343-0EB71AFC7400} = {1F90094F-4366-4A36-952F-042E2DE23B2B}
		{2900ACAF-C94B-499C-818A-3684430A85B9} = {D31EFA60-C852-401C-889D-90CB84EEEE46}
	EndGlobalSection
	GlobalSection(ExtensibilityGlobals) = postSolution
		SolutionGuid = {B54BB857-363E-41A3-9378-5832CCD5F789}
	EndGlobalSection
EndGlobal
